
Microsoft Visual Studio Solution File, Format Version 12.00
# Visual Studio 15
VisualStudioVersion = 15.0.27703.2018
MinimumVisualStudioVersion = 10.0.40219.1
Project("{2150E333-8FDC-42A3-9474-1A3956D46DE8}") = "1. Aplicação", "1. Aplicação", "{3784045C-DFC5-4D7B-8CE7-7AE8BCDD24C5}"
EndProject
Project("{2150E333-8FDC-42A3-9474-1A3956D46DE8}") = "2. Domínio", "2. Domínio", "{9BD71AB2-69E4-4C02-8D34-356EAA6C3400}"
EndProject
Project("{2150E333-8FDC-42A3-9474-1A3956D46DE8}") = "3. Infra", "3. Infra", "{8207FA53-AF28-4254-B1AA-E3A74CF03308}"
EndProject
Project("{9A19103F-16F7-4668-BE54-9A1E7A4F7556}") = "Biblio.DomainApp", "Biblio.DomainApp\Biblio.DomainApp.csproj", "{3D53DCFA-4755-4ACA-83AB-B1C5AE90A81B}"
EndProject
Project("{FAE04EC0-301F-11D3-BF4B-00C04F79EFBC}") = "Biblio.DataApp", "Biblio.DataApp\Biblio.DataApp.csproj", "{559BB9B1-7E02-4B49-8CEA-71D4D9757E8E}"
EndProject
Project("{FAE04EC0-301F-11D3-BF4B-00C04F79EFBC}") = "Biblio.WebApp", "Biblio.WebApp\Biblio.WebApp.csproj", "{1840B909-85C9-4771-A6D0-4D42088C5FA6}"
EndProject
Global
	GlobalSection(SolutionConfigurationPlatforms) = preSolution
		Debug|Any CPU = Debug|Any CPU
		Release|Any CPU = Release|Any CPU
	EndGlobalSection
	GlobalSection(ProjectConfigurationPlatforms) = postSolution
		{3D53DCFA-4755-4ACA-83AB-B1C5AE90A81B}.Debug|Any CPU.ActiveCfg = Debug|Any CPU
		{3D53DCFA-4755-4ACA-83AB-B1C5AE90A81B}.Debug|Any CPU.Build.0 = Debug|Any CPU
		{3D53DCFA-4755-4ACA-83AB-B1C5AE90A81B}.Release|Any CPU.ActiveCfg = Release|Any CPU
		{3D53DCFA-4755-4ACA-83AB-B1C5AE90A81B}.Release|Any CPU.Build.0 = Release|Any CPU
		{559BB9B1-7E02-4B49-8CEA-71D4D9757E8E}.Debug|Any CPU.ActiveCfg = Debug|Any CPU
		{559BB9B1-7E02-4B49-8CEA-71D4D9757E8E}.Debug|Any CPU.Build.0 = Debug|Any CPU
		{559BB9B1-7E02-4B49-8CEA-71D4D9757E8E}.Release|Any CPU.ActiveCfg = Release|Any CPU
		{559BB9B1-7E02-4B49-8CEA-71D4D9757E8E}.Release|Any CPU.Build.0 = Release|Any CPU
		{1840B909-85C9-4771-A6D0-4D42088C5FA6}.Debug|Any CPU.ActiveCfg = Debug|Any CPU
		{1840B909-85C9-4771-A6D0-4D42088C5FA6}.Debug|Any CPU.Build.0 = Debug|Any CPU
		{1840B909-85C9-4771-A6D0-4D42088C5FA6}.Release|Any CPU.ActiveCfg = Release|Any CPU
		{1840B909-85C9-4771-A6D0-4D42088C5FA6}.Release|Any CPU.Build.0 = Release|Any CPU
	EndGlobalSection
	GlobalSection(SolutionProperties) = preSolution
		HideSolutionNode = FALSE
	EndGlobalSection
	GlobalSection(NestedProjects) = preSolution
		{3D53DCFA-4755-4ACA-83AB-B1C5AE90A81B} = {9BD71AB2-69E4-4C02-8D34-356EAA6C3400}
		{559BB9B1-7E02-4B49-8CEA-71D4D9757E8E} = {8207FA53-AF28-4254-B1AA-E3A74CF03308}
		{1840B909-85C9-4771-A6D0-4D42088C5FA6} = {3784045C-DFC5-4D7B-8CE7-7AE8BCDD24C5}
	EndGlobalSection
	GlobalSection(ExtensibilityGlobals) = postSolution
		SolutionGuid = {4A7696FE-D191-4016-AE5A-0FB965937FBD}
	EndGlobalSection
EndGlobal
